
Microsoft Visual Studio Solution File, Format Version 12.00
# Visual Studio Version 16
VisualStudioVersion = 16.0.32413.511
MinimumVisualStudioVersion = 10.0.40219.1
Project("{FAE04EC0-301F-11D3-BF4B-00C04F79EFBC}") = "WpfAppA11", "WpfAppA11\WpfAppA11.csproj", "{0ADE5088-27EE-4B36-AA70-535BDF6D6913}"
EndProject
Global
	GlobalSection(SolutionConfigurationPlatforms) = preSolution
		Debug|Any CPU = Debug|Any CPU
		Release|Any CPU = Release|Any CPU
	EndGlobalSection
	GlobalSection(ProjectConfigurationPlatforms) = postSolution
		{0ADE5088-27EE-4B36-AA70-535BDF6D6913}.Debug|Any CPU.ActiveCfg = Debug|Any CPU
		{0ADE5088-27EE-4B36-AA70-535BDF6D6913}.Debug|Any CPU.Build.0 = Debug|Any CPU
		{0ADE5088-27EE-4B36-AA70-535BDF6D6913}.Release|Any CPU.ActiveCfg = Release|Any CPU
		{0ADE5088-27EE-4B36-AA70-535BDF6D6913}.Release|Any CPU.Build.0 = Release|Any CPU
	EndGlobalSection
	GlobalSection(SolutionProperties) = preSolution
		HideSolutionNode = FALSE
	EndGlobalSection
	GlobalSection(ExtensibilityGlobals) = postSolution
		SolutionGuid = {B1F97FE3-CD2E-427B-9725-825D8E50D847}
	EndGlobalSection
EndGlobal
